
Microsoft Visual Studio Solution File, Format Version 12.00
# Visual Studio Version 17
VisualStudioVersion = 17.3.32825.248
MinimumVisualStudioVersion = 10.0.40219.1
Project("{FAE04EC0-301F-11D3-BF4B-00C04F79EFBC}") = "TravelNet", "TravelNet\TravelNet.csproj", "{88A51121-63CA-49BB-9A56-1FD97378BB09}"
EndProject
Global
	GlobalSection(SolutionConfigurationPlatforms) = preSolution
		Debug|Any CPU = Debug|Any CPU
		Release|Any CPU = Release|Any CPU
	EndGlobalSection
	GlobalSection(ProjectConfigurationPlatforms) = postSolution
		{88A51121-63CA-49BB-9A56-1FD97378BB09}.Debug|Any CPU.ActiveCfg = Debug|Any CPU
		{88A51121-63CA-49BB-9A56-1FD97378BB09}.Debug|Any CPU.Build.0 = Debug|Any CPU
		{88A51121-63CA-49BB-9A56-1FD97378BB09}.Release|Any CPU.ActiveCfg = Release|Any CPU
		{88A51121-63CA-49BB-9A56-1FD97378BB09}.Release|Any CPU.Build.0 = Release|Any CPU
	EndGlobalSection
	GlobalSection(SolutionProperties) = preSolution
		HideSolutionNode = FALSE
	EndGlobalSection
	GlobalSection(ExtensibilityGlobals) = postSolution
		SolutionGuid = {5E3F93CA-7888-4B6A-9B7A-C0406886CC88}
	EndGlobalSection
EndGlobal
